
Microsoft Visual Studio Solution File, Format Version 12.00
# Visual Studio 15
VisualStudioVersion = 15.0.28306.52
MinimumVisualStudioVersion = 10.0.40219.1
Project("{FAE04EC0-301F-11D3-BF4B-00C04F79EFBC}") = "TypeScriptToCSharp", "TypeScriptToCSharp\TypeScriptToCSharp.csproj", "{9B44D0E5-C958-4330-8B6B-BB1203A0E755}"
EndProject
Global
	GlobalSection(SolutionConfigurationPlatforms) = preSolution
		Debug|Any CPU = Debug|Any CPU
		Release|Any CPU = Release|Any CPU
	EndGlobalSection
	GlobalSection(ProjectConfigurationPlatforms) = postSolution
		{9B44D0E5-C958-4330-8B6B-BB1203A0E755}.Debug|Any CPU.ActiveCfg = Debug|Any CPU
		{9B44D0E5-C958-4330-8B6B-BB1203A0E755}.Debug|Any CPU.Build.0 = Debug|Any CPU
		{9B44D0E5-C958-4330-8B6B-BB1203A0E755}.Release|Any CPU.ActiveCfg = Release|Any CPU
		{9B44D0E5-C958-4330-8B6B-BB1203A0E755}.Release|Any CPU.Build.0 = Release|Any CPU
	EndGlobalSection
	GlobalSection(SolutionProperties) = preSolution
		HideSolutionNode = FALSE
	EndGlobalSection
	GlobalSection(ExtensibilityGlobals) = postSolution
		SolutionGuid = {B6F77AA9-A1D4-487A-B39A-941DC2ED6CA5}
	EndGlobalSection
EndGlobal
